
Microsoft Visual Studio Solution File, Format Version 12.00
# Visual Studio Version 17
VisualStudioVersion = 17.7.34202.233
MinimumVisualStudioVersion = 10.0.40219.1
Project("{FAE04EC0-301F-11D3-BF4B-00C04F79EFBC}") = "BaKaVO", "BaKaVO\BaKaVO.csproj", "{7BC53C3D-FFCE-4181-8B3F-0B2EB3494572}"
EndProject
Global
	GlobalSection(SolutionConfigurationPlatforms) = preSolution
		Debug|Any CPU = Debug|Any CPU
		Release|Any CPU = Release|Any CPU
	EndGlobalSection
	GlobalSection(ProjectConfigurationPlatforms) = postSolution
		{7BC53C3D-FFCE-4181-8B3F-0B2EB3494572}.Debug|Any CPU.ActiveCfg = Debug|Any CPU
		{7BC53C3D-FFCE-4181-8B3F-0B2EB3494572}.Debug|Any CPU.Build.0 = Debug|Any CPU
		{7BC53C3D-FFCE-4181-8B3F-0B2EB3494572}.Release|Any CPU.ActiveCfg = Release|Any CPU
		{7BC53C3D-FFCE-4181-8B3F-0B2EB3494572}.Release|Any CPU.Build.0 = Release|Any CPU
	EndGlobalSection
	GlobalSection(SolutionProperties) = preSolution
		HideSolutionNode = FALSE
	EndGlobalSection
	GlobalSection(ExtensibilityGlobals) = postSolution
		SolutionGuid = {36B863B2-D889-4D7E-9EC9-7248C41D9888}
	EndGlobalSection
EndGlobal
